
Microsoft Visual Studio Solution File, Format Version 12.00
# Visual Studio Version 16
VisualStudioVersion = 16.0.28803.352
MinimumVisualStudioVersion = 10.0.40219.1
Project("{FAE04EC0-301F-11D3-BF4B-00C04F79EFBC}") = "OutlookCorporateSignature", "OutlookCorporateSignature.csproj", "{3D148CD9-78DA-4467-83F7-84C9EF522115}"
EndProject
Global
	GlobalSection(SolutionConfigurationPlatforms) = preSolution
		Debug|Any CPU = Debug|Any CPU
		Release|Any CPU = Release|Any CPU
	EndGlobalSection
	GlobalSection(ProjectConfigurationPlatforms) = postSolution
		{3D148CD9-78DA-4467-83F7-84C9EF522115}.Debug|Any CPU.ActiveCfg = Debug|Any CPU
		{3D148CD9-78DA-4467-83F7-84C9EF522115}.Debug|Any CPU.Build.0 = Debug|Any CPU
		{3D148CD9-78DA-4467-83F7-84C9EF522115}.Release|Any CPU.ActiveCfg = Release|Any CPU
		{3D148CD9-78DA-4467-83F7-84C9EF522115}.Release|Any CPU.Build.0 = Release|Any CPU
	EndGlobalSection
	GlobalSection(SolutionProperties) = preSolution
		HideSolutionNode = FALSE
	EndGlobalSection
	GlobalSection(ExtensibilityGlobals) = postSolution
		SolutionGuid = {EB6DE697-9527-469A-8E2D-DF623943F5EA}
	EndGlobalSection
EndGlobal
